
Microsoft Visual Studio Solution File, Format Version 12.00
# Visual Studio Version 17
VisualStudioVersion = 17.13.35825.156 d17.13
MinimumVisualStudioVersion = 10.0.40219.1
Project("{8BC9CEB8-8B4A-11D0-8D11-00A0C91BC942}") = "C++基础", "C++基础\C++基础.vcxproj", "{AB1BE965-26E5-4609-97DE-A8A652961CA4}"
EndProject
Global
	GlobalSection(SolutionConfigurationPlatforms) = preSolution
		Debug|x64 = Debug|x64
		Debug|x86 = Debug|x86
		Release|x64 = Release|x64
		Release|x86 = Release|x86
	EndGlobalSection
	GlobalSection(ProjectConfigurationPlatforms) = postSolution
		{AB1BE965-26E5-4609-97DE-A8A652961CA4}.Debug|x64.ActiveCfg = Debug|x64
		{AB1BE965-26E5-4609-97DE-A8A652961CA4}.Debug|x64.Build.0 = Debug|x64
		{AB1BE965-26E5-4609-97DE-A8A652961CA4}.Debug|x86.ActiveCfg = Debug|Win32
		{AB1BE965-26E5-4609-97DE-A8A652961CA4}.Debug|x86.Build.0 = Debug|Win32
		{AB1BE965-26E5-4609-97DE-A8A652961CA4}.Release|x64.ActiveCfg = Release|x64
		{AB1BE965-26E5-4609-97DE-A8A652961CA4}.Release|x64.Build.0 = Release|x64
		{AB1BE965-26E5-4609-97DE-A8A652961CA4}.Release|x86.ActiveCfg = Release|Win32
		{AB1BE965-26E5-4609-97DE-A8A652961CA4}.Release|x86.Build.0 = Release|Win32
	EndGlobalSection
	GlobalSection(SolutionProperties) = preSolution
		HideSolutionNode = FALSE
	EndGlobalSection
	GlobalSection(ExtensibilityGlobals) = postSolution
		SolutionGuid = {87DD31C7-0878-4AE5-B7D7-CD7C935B91BF}
	EndGlobalSection
EndGlobal
